
Microsoft Visual Studio Solution File, Format Version 12.00
# Visual Studio 15
VisualStudioVersion = 15.0.26430.13
MinimumVisualStudioVersion = 10.0.40219.1
Project("{9A19103F-16F7-4668-BE54-9A1E7A4F7556}") = "Exercicio1", "Exercicio 1\Exercicio1.csproj", "{769D13C0-E464-49A7-8987-9458E76B7F06}"
EndProject
Project("{9A19103F-16F7-4668-BE54-9A1E7A4F7556}") = "Exercício2", "Exercício2\Exercício2.csproj", "{AE13C268-91D3-4A94-9D8B-927042EF9619}"
EndProject
Project("{9A19103F-16F7-4668-BE54-9A1E7A4F7556}") = "Exercicio3", "Exercicio3\Exercicio3.csproj", "{7849DCDA-7C9C-4EE3-93C2-4840654A1ABF}"
EndProject
Project("{9A19103F-16F7-4668-BE54-9A1E7A4F7556}") = "Exercicio4", "Exercicio4\Exercicio4.csproj", "{64B96CD0-0AF1-4936-A98D-C2E6CE089D35}"
EndProject
Project("{FAE04EC0-301F-11D3-BF4B-00C04F79EFBC}") = "Exercicio5", "Exercicio5\Exercicio5.csproj", "{896EA14B-2AA1-46FC-A0FF-215A7EA76939}"
EndProject
Project("{FAE04EC0-301F-11D3-BF4B-00C04F79EFBC}") = "Exercicio6", "Exercicio6\Exercicio6.csproj", "{3AB6F85F-3E63-44F2-8E46-9324E50F9262}"
EndProject
Project("{FAE04EC0-301F-11D3-BF4B-00C04F79EFBC}") = "Exercicio7", "Exercicio7\Exercicio7.csproj", "{D150CFB1-4CCB-4969-ADE6-810D04C54D11}"
EndProject
Project("{FAE04EC0-301F-11D3-BF4B-00C04F79EFBC}") = "Exercicio8", "Exercicio8\Exercicio8.csproj", "{6BCE38D1-20BC-47EF-A5DD-A77C87D2210D}"
EndProject
Project("{FAE04EC0-301F-11D3-BF4B-00C04F79EFBC}") = "Exercicio9", "Exercicio9\Exercicio9.csproj", "{F506CBC8-753C-44BA-9AF9-DDDE968162E2}"
EndProject
Project("{FAE04EC0-301F-11D3-BF4B-00C04F79EFBC}") = "Exercicio10", "Exercicio10\Exercicio10.csproj", "{03CE49CD-3689-4F77-A64D-1F92536CE2BD}"
EndProject
Project("{FAE04EC0-301F-11D3-BF4B-00C04F79EFBC}") = "Exercicio11", "Exercicio11\Exercicio11.csproj", "{E13B2951-518F-4F1E-A7E9-C5B176F11FF2}"
EndProject
Project("{FAE04EC0-301F-11D3-BF4B-00C04F79EFBC}") = "Exercicio12", "Exercicio.12\Exercicio12.csproj", "{08A4BC85-2CD7-4ECA-B40A-D44E4ABACD21}"
EndProject
Project("{FAE04EC0-301F-11D3-BF4B-00C04F79EFBC}") = "Exercicio13", "Exercicio13\Exercicio13.csproj", "{601ED4EB-79EB-4319-A872-A54D8C25C8D4}"
EndProject
Project("{FAE04EC0-301F-11D3-BF4B-00C04F79EFBC}") = "Exercicio14", "Exercicio14\Exercicio14.csproj", "{1133038A-7094-4016-969B-5EFB77C0017B}"
EndProject
Global
	GlobalSection(SolutionConfigurationPlatforms) = preSolution
		Debug|Any CPU = Debug|Any CPU
		Release|Any CPU = Release|Any CPU
	EndGlobalSection
	GlobalSection(ProjectConfigurationPlatforms) = postSolution
		{769D13C0-E464-49A7-8987-9458E76B7F06}.Debug|Any CPU.ActiveCfg = Debug|Any CPU
		{769D13C0-E464-49A7-8987-9458E76B7F06}.Debug|Any CPU.Build.0 = Debug|Any CPU
		{769D13C0-E464-49A7-8987-9458E76B7F06}.Release|Any CPU.ActiveCfg = Release|Any CPU
		{769D13C0-E464-49A7-8987-9458E76B7F06}.Release|Any CPU.Build.0 = Release|Any CPU
		{AE13C268-91D3-4A94-9D8B-927042EF9619}.Debug|Any CPU.ActiveCfg = Debug|Any CPU
		{AE13C268-91D3-4A94-9D8B-927042EF9619}.Debug|Any CPU.Build.0 = Debug|Any CPU
		{AE13C268-91D3-4A94-9D8B-927042EF9619}.Release|Any CPU.ActiveCfg = Release|Any CPU
		{AE13C268-91D3-4A94-9D8B-927042EF9619}.Release|Any CPU.Build.0 = Release|Any CPU
		{7849DCDA-7C9C-4EE3-93C2-4840654A1ABF}.Debug|Any CPU.ActiveCfg = Debug|Any CPU
		{7849DCDA-7C9C-4EE3-93C2-4840654A1ABF}.Debug|Any CPU.Build.0 = Debug|Any CPU
		{7849DCDA-7C9C-4EE3-93C2-4840654A1ABF}.Release|Any CPU.ActiveCfg = Release|Any CPU
		{7849DCDA-7C9C-4EE3-93C2-4840654A1ABF}.Release|Any CPU.Build.0 = Release|Any CPU
		{64B96CD0-0AF1-4936-A98D-C2E6CE089D35}.Debug|Any CPU.ActiveCfg = Debug|Any CPU
		{64B96CD0-0AF1-4936-A98D-C2E6CE089D35}.Debug|Any CPU.Build.0 = Debug|Any CPU
		{64B96CD0-0AF1-4936-A98D-C2E6CE089D35}.Release|Any CPU.ActiveCfg = Release|Any CPU
		{64B96CD0-0AF1-4936-A98D-C2E6CE089D35}.Release|Any CPU.Build.0 = Release|Any CPU
		{896EA14B-2AA1-46FC-A0FF-215A7EA76939}.Debug|Any CPU.ActiveCfg = Debug|Any CPU
		{896EA14B-2AA1-46FC-A0FF-215A7EA76939}.Debug|Any CPU.Build.0 = Debug|Any CPU
		{896EA14B-2AA1-46FC-A0FF-215A7EA76939}.Release|Any CPU.ActiveCfg = Release|Any CPU
		{896EA14B-2AA1-46FC-A0FF-215A7EA76939}.Release|Any CPU.Build.0 = Release|Any CPU
		{3AB6F85F-3E63-44F2-8E46-9324E50F9262}.Debug|Any CPU.ActiveCfg = Debug|Any CPU
		{3AB6F85F-3E63-44F2-8E46-9324E50F9262}.Debug|Any CPU.Build.0 = Debug|Any CPU
		{3AB6F85F-3E63-44F2-8E46-9324E50F9262}.Release|Any CPU.ActiveCfg = Release|Any CPU
		{3AB6F85F-3E63-44F2-8E46-9324E50F9262}.Release|Any CPU.Build.0 = Release|Any CPU
		{D150CFB1-4CCB-4969-ADE6-810D04C54D11}.Debug|Any CPU.ActiveCfg = Debug|Any CPU
		{D150CFB1-4CCB-4969-ADE6-810D04C54D11}.Debug|Any CPU.Build.0 = Debug|Any CPU
		{D150CFB1-4CCB-4969-ADE6-810D04C54D11}.Release|Any CPU.ActiveCfg = Release|Any CPU
		{D150CFB1-4CCB-4969-ADE6-810D04C54D11}.Release|Any CPU.Build.0 = Release|Any CPU
		{6BCE38D1-20BC-47EF-A5DD-A77C87D2210D}.Debug|Any CPU.ActiveCfg = Debug|Any CPU
		{6BCE38D1-20BC-47EF-A5DD-A77C87D2210D}.Debug|Any CPU.Build.0 = Debug|Any CPU
		{6BCE38D1-20BC-47EF-A5DD-A77C87D2210D}.Release|Any CPU.ActiveCfg = Release|Any CPU
		{6BCE38D1-20BC-47EF-A5DD-A77C87D2210D}.Release|Any CPU.Build.0 = Release|Any CPU
		{F506CBC8-753C-44BA-9AF9-DDDE968162E2}.Debug|Any CPU.ActiveCfg = Debug|Any CPU
		{F506CBC8-753C-44BA-9AF9-DDDE968162E2}.Debug|Any CPU.Build.0 = Debug|Any CPU
		{F506CBC8-753C-44BA-9AF9-DDDE968162E2}.Release|Any CPU.ActiveCfg = Release|Any CPU
		{F506CBC8-753C-44BA-9AF9-DDDE968162E2}.Release|Any CPU.Build.0 = Release|Any CPU
		{03CE49CD-3689-4F77-A64D-1F92536CE2BD}.Debug|Any CPU.ActiveCfg = Debug|Any CPU
		{03CE49CD-3689-4F77-A64D-1F92536CE2BD}.Debug|Any CPU.Build.0 = Debug|Any CPU
		{03CE49CD-3689-4F77-A64D-1F92536CE2BD}.Release|Any CPU.ActiveCfg = Release|Any CPU
		{03CE49CD-3689-4F77-A64D-1F92536CE2BD}.Release|Any CPU.Build.0 = Release|Any CPU
		{E13B2951-518F-4F1E-A7E9-C5B176F11FF2}.Debug|Any CPU.ActiveCfg = Debug|Any CPU
		{E13B2951-518F-4F1E-A7E9-C5B176F11FF2}.Debug|Any CPU.Build.0 = Debug|Any CPU
		{E13B2951-518F-4F1E-A7E9-C5B176F11FF2}.Release|Any CPU.ActiveCfg = Release|Any CPU
		{E13B2951-518F-4F1E-A7E9-C5B176F11FF2}.Release|Any CPU.Build.0 = Release|Any CPU
		{08A4BC85-2CD7-4ECA-B40A-D44E4ABACD21}.Debug|Any CPU.ActiveCfg = Debug|Any CPU
		{08A4BC85-2CD7-4ECA-B40A-D44E4ABACD21}.Debug|Any CPU.Build.0 = Debug|Any CPU
		{08A4BC85-2CD7-4ECA-B40A-D44E4ABACD21}.Release|Any CPU.ActiveCfg = Release|Any CPU
		{08A4BC85-2CD7-4ECA-B40A-D44E4ABACD21}.Release|Any CPU.Build.0 = Release|Any CPU
		{601ED4EB-79EB-4319-A872-A54D8C25C8D4}.Debug|Any CPU.ActiveCfg = Debug|Any CPU
		{601ED4EB-79EB-4319-A872-A54D8C25C8D4}.Debug|Any CPU.Build.0 = Debug|Any CPU
		{601ED4EB-79EB-4319-A872-A54D8C25C8D4}.Release|Any CPU.ActiveCfg = Release|Any CPU
		{601ED4EB-79EB-4319-A872-A54D8C25C8D4}.Release|Any CPU.Build.0 = Release|Any CPU
		{1133038A-7094-4016-969B-5EFB77C0017B}.Debug|Any CPU.ActiveCfg = Debug|Any CPU
		{1133038A-7094-4016-969B-5EFB77C0017B}.Debug|Any CPU.Build.0 = Debug|Any CPU
		{1133038A-7094-4016-969B-5EFB77C0017B}.Release|Any CPU.ActiveCfg = Release|Any CPU
		{1133038A-7094-4016-969B-5EFB77C0017B}.Release|Any CPU.Build.0 = Release|Any CPU
	EndGlobalSection
	GlobalSection(SolutionProperties) = preSolution
		HideSolutionNode = FALSE
	EndGlobalSection
EndGlobal
